
Microsoft Visual Studio Solution File, Format Version 12.00
# Visual Studio Version 17
VisualStudioVersion = 17.0.32126.317
MinimumVisualStudioVersion = 10.0.40219.1
Project("{9A19103F-16F7-4668-BE54-9A1E7A4F7556}") = "DashBored.Host", "DashBored.Host\DashBored.Host.csproj", "{BFC5B62B-B8F7-4239-AD8A-BC2CE4B257A6}"
EndProject
Project("{9A19103F-16F7-4668-BE54-9A1E7A4F7556}") = "DashBored.PluginApi", "DashBored.PluginApi\DashBored.PluginApi.csproj", "{EDA03EBF-4B81-4796-9FF8-D4C7291ED65C}"
EndProject
Project("{2150E333-8FDC-42A3-9474-1A3956D46DE8}") = "Plugins", "Plugins", "{7280CAD8-48B4-4EBD-BBD9-2B24AB643BDA}"
EndProject
Project("{9A19103F-16F7-4668-BE54-9A1E7A4F7556}") = "Plugin.Clock", "Plugin.Clock\Plugin.Clock.csproj", "{2F02BF71-3604-44DF-A8FB-8C619F293300}"
EndProject
Project("{9A19103F-16F7-4668-BE54-9A1E7A4F7556}") = "Plugin.RTSP", "Plugin.RTSP\Plugin.RTSP.csproj", "{448439A0-4384-4E96-B3CA-BF14C22A89CF}"
EndProject
Project("{9A19103F-16F7-4668-BE54-9A1E7A4F7556}") = "Plugin.Todo", "Plugin.Todo\Plugin.Todo.csproj", "{D88B7E9F-B675-413A-86B3-5C941F3EC800}"
EndProject
Project("{9A19103F-16F7-4668-BE54-9A1E7A4F7556}") = "Plugin.Weather", "Plugin.Weather\Plugin.Weather.csproj", "{BF6F9633-C1A5-4F3D-A24D-49E804A9B93C}"
EndProject
Project("{9A19103F-16F7-4668-BE54-9A1E7A4F7556}") = "DashBored.MicrosoftGraph", "DashBored.MicrosoftGraph\DashBored.MicrosoftGraph.csproj", "{C0749F5B-3339-4C32-ADFB-C09D7A882ECC}"
EndProject
Project("{9A19103F-16F7-4668-BE54-9A1E7A4F7556}") = "Plugin.Calendar", "Plugin.Calendar\Plugin.Calendar.csproj", "{75211526-A3CB-4547-9FC6-BA389A32B468}"
EndProject
Project("{9A19103F-16F7-4668-BE54-9A1E7A4F7556}") = "Plugin.Portfolio", "Plugin.Portfolio\Plugin.Portfolio.csproj", "{7963E072-1261-4EBB-A1E0-1D2E4C69932B}"
EndProject
Project("{9A19103F-16F7-4668-BE54-9A1E7A4F7556}") = "DashBored.TradingView", "DashBored.TradingView\DashBored.TradingView.csproj", "{269E3F21-C19D-4E29-8FBC-32AAC5E02FE1}"
EndProject
Global
	GlobalSection(SolutionConfigurationPlatforms) = preSolution
		Debug|Any CPU = Debug|Any CPU
		Release|Any CPU = Release|Any CPU
	EndGlobalSection
	GlobalSection(ProjectConfigurationPlatforms) = postSolution
		{BFC5B62B-B8F7-4239-AD8A-BC2CE4B257A6}.Debug|Any CPU.ActiveCfg = Debug|Any CPU
		{BFC5B62B-B8F7-4239-AD8A-BC2CE4B257A6}.Debug|Any CPU.Build.0 = Debug|Any CPU
		{BFC5B62B-B8F7-4239-AD8A-BC2CE4B257A6}.Release|Any CPU.ActiveCfg = Release|Any CPU
		{BFC5B62B-B8F7-4239-AD8A-BC2CE4B257A6}.Release|Any CPU.Build.0 = Release|Any CPU
		{EDA03EBF-4B81-4796-9FF8-D4C7291ED65C}.Debug|Any CPU.ActiveCfg = Debug|Any CPU
		{EDA03EBF-4B81-4796-9FF8-D4C7291ED65C}.Debug|Any CPU.Build.0 = Debug|Any CPU
		{EDA03EBF-4B81-4796-9FF8-D4C7291ED65C}.Release|Any CPU.ActiveCfg = Release|Any CPU
		{EDA03EBF-4B81-4796-9FF8-D4C7291ED65C}.Release|Any CPU.Build.0 = Release|Any CPU
		{2F02BF71-3604-44DF-A8FB-8C619F293300}.Debug|Any CPU.ActiveCfg = Debug|Any CPU
		{2F02BF71-3604-44DF-A8FB-8C619F293300}.Debug|Any CPU.Build.0 = Debug|Any CPU
		{2F02BF71-3604-44DF-A8FB-8C619F293300}.Release|Any CPU.ActiveCfg = Release|Any CPU
		{2F02BF71-3604-44DF-A8FB-8C619F293300}.Release|Any CPU.Build.0 = Release|Any CPU
		{448439A0-4384-4E96-B3CA-BF14C22A89CF}.Debug|Any CPU.ActiveCfg = Debug|Any CPU
		{448439A0-4384-4E96-B3CA-BF14C22A89CF}.Debug|Any CPU.Build.0 = Debug|Any CPU
		{448439A0-4384-4E96-B3CA-BF14C22A89CF}.Release|Any CPU.ActiveCfg = Release|Any CPU
		{448439A0-4384-4E96-B3CA-BF14C22A89CF}.Release|Any CPU.Build.0 = Release|Any CPU
		{D88B7E9F-B675-413A-86B3-5C941F3EC800}.Debug|Any CPU.ActiveCfg = Debug|Any CPU
		{D88B7E9F-B675-413A-86B3-5C941F3EC800}.Debug|Any CPU.Build.0 = Debug|Any CPU
		{D88B7E9F-B675-413A-86B3-5C941F3EC800}.Release|Any CPU.ActiveCfg = Release|Any CPU
		{D88B7E9F-B675-413A-86B3-5C941F3EC800}.Release|Any CPU.Build.0 = Release|Any CPU
		{BF6F9633-C1A5-4F3D-A24D-49E804A9B93C}.Debug|Any CPU.ActiveCfg = Debug|Any CPU
		{BF6F9633-C1A5-4F3D-A24D-49E804A9B93C}.Debug|Any CPU.Build.0 = Debug|Any CPU
		{BF6F9633-C1A5-4F3D-A24D-49E804A9B93C}.Release|Any CPU.ActiveCfg = Release|Any CPU
		{BF6F9633-C1A5-4F3D-A24D-49E804A9B93C}.Release|Any CPU.Build.0 = Release|Any CPU
		{C0749F5B-3339-4C32-ADFB-C09D7A882ECC}.Debug|Any CPU.ActiveCfg = Debug|Any CPU
		{C0749F5B-3339-4C32-ADFB-C09D7A882ECC}.Debug|Any CPU.Build.0 = Debug|Any CPU
		{C0749F5B-3339-4C32-ADFB-C09D7A882ECC}.Release|Any CPU.ActiveCfg = Release|Any CPU
		{C0749F5B-3339-4C32-ADFB-C09D7A882ECC}.Release|Any CPU.Build.0 = Release|Any CPU
		{75211526-A3CB-4547-9FC6-BA389A32B468}.Debug|Any CPU.ActiveCfg = Debug|Any CPU
		{75211526-A3CB-4547-9FC6-BA389A32B468}.Debug|Any CPU.Build.0 = Debug|Any CPU
		{75211526-A3CB-4547-9FC6-BA389A32B468}.Release|Any CPU.ActiveCfg = Release|Any CPU
		{75211526-A3CB-4547-9FC6-BA389A32B468}.Release|Any CPU.Build.0 = Release|Any CPU
		{7963E072-1261-4EBB-A1E0-1D2E4C69932B}.Debug|Any CPU.ActiveCfg = Debug|Any CPU
		{7963E072-1261-4EBB-A1E0-1D2E4C69932B}.Debug|Any CPU.Build.0 = Debug|Any CPU
		{7963E072-1261-4EBB-A1E0-1D2E4C69932B}.Release|Any CPU.ActiveCfg = Release|Any CPU
		{7963E072-1261-4EBB-A1E0-1D2E4C69932B}.Release|Any CPU.Build.0 = Release|Any CPU
		{269E3F21-C19D-4E29-8FBC-32AAC5E02FE1}.Debug|Any CPU.ActiveCfg = Debug|Any CPU
		{269E3F21-C19D-4E29-8FBC-32AAC5E02FE1}.Debug|Any CPU.Build.0 = Debug|Any CPU
		{269E3F21-C19D-4E29-8FBC-32AAC5E02FE1}.Release|Any CPU.ActiveCfg = Release|Any CPU
		{269E3F21-C19D-4E29-8FBC-32AAC5E02FE1}.Release|Any CPU.Build.0 = Release|Any CPU
	EndGlobalSection
	GlobalSection(SolutionProperties) = preSolution
		HideSolutionNode = FALSE
	EndGlobalSection
	GlobalSection(NestedProjects) = preSolution
		{2F02BF71-3604-44DF-A8FB-8C619F293300} = {7280CAD8-48B4-4EBD-BBD9-2B24AB643BDA}
		{448439A0-4384-4E96-B3CA-BF14C22A89CF} = {7280CAD8-48B4-4EBD-BBD9-2B24AB643BDA}
		{D88B7E9F-B675-413A-86B3-5C941F3EC800} = {7280CAD8-48B4-4EBD-BBD9-2B24AB643BDA}
		{BF6F9633-C1A5-4F3D-A24D-49E804A9B93C} = {7280CAD8-48B4-4EBD-BBD9-2B24AB643BDA}
		{75211526-A3CB-4547-9FC6-BA389A32B468} = {7280CAD8-48B4-4EBD-BBD9-2B24AB643BDA}
		{7963E072-1261-4EBB-A1E0-1D2E4C69932B} = {7280CAD8-48B4-4EBD-BBD9-2B24AB643BDA}
	EndGlobalSection
	GlobalSection(ExtensibilityGlobals) = postSolution
		SolutionGuid = {6BAEBB3F-907E-4F65-9D50-033FF5CD367A}
	EndGlobalSection
EndGlobal
